<?xml version="1.0" encoding="utf-8"?>
<Project ToolsVersion="4.0" xmlns="http://schemas.microsoft.com/developer/msbuild/2003">
  <ItemGroup>
    <FxCompile Include="missShaderLib.hlsl" />
    <FxCompile Include="RayGenerationShaderLib.hlsl" />
    <FxCompile Include="initFieldCS.hlsl" />
    <FxCompile Include="hitShader.hlsl" />
    <FxCompile Include="missShader.hlsl" />
    <FxCompile Include="RayGenerationShader.hlsl" />
    <FxCompile Include="lineHitShader.hlsl" />
  </ItemGroup>
  <ItemGroup>
    <ClInclude Include="RaycoinViewer.h" />
    <ClInclude Include="RaycoinViewerCompute.h" />
    <ClInclude Include="RaycoinViewerRayTracing.h" />
    <ClInclude Include="RaycoinViewerShader.h" />
    <ClInclude Include="blake2s.hlsli" />
    <ClInclude Include="hlslCompat.h" />
  </ItemGroup>
  <ItemGroup>
    <None Include="packages.config" />
    <None Include="trace.hlsli" />
  </ItemGroup>
  <ItemGroup>
    <ClCompile Include="RaycoinViewer.cpp" />
  </ItemGroup>
</Project>